{
  "originHash" : "6079221c8557442406a3a1b3b9067d2e558b0482a8865c44490ac9cc747bd9b8",
  "pins" : [
    {
      "identity" : "mypackage1",
      "kind" : "remoteSourceControl",
      "location" : "https://github.com/Marivva00/MyPackage1.git",
      "state" : {
        "revision" : "1bb4845e41db97689ef7b4b5f0856a4ca643c511",
        "version" : "1.0.0"
      }
    }
  ],
  "version" : 3
}
