{
  "originHash" : "dd0de414ac1b3cf5f038c116e6a228c6cd0c02cf141b45d1f1f1ee175cb3c8c2",
  "pins" : [
    {
      "identity" : "mypackage1",
      "kind" : "remoteSourceControl",
      "location" : "https://github.com/Marivva00/MyPackage1.git",
      "state" : {
        "revision" : "617293d3f671224c6ece771047f8c54fa97d412b",
        "version" : "1.0.1"
      }
    }
  ],
  "version" : 3
}
